# THIS IS AN AUTOGENERATED FILE. DO NOT EDIT THIS FILE DIRECTLY.
# yarn lockfile v1


"@hapi/accept@^5.0.1":
  version "5.0.2"
  resolved "https://artylab.expedia.biz/api/npm/public-npm-virtual/@hapi/accept/-/accept-5.0.2.tgz#ab7043b037e68b722f93f376afb05e85c0699523"
  integrity sha1-q3BDsDfmi3Ivk/N2r7BehcBplSM=
  dependencies:
    "@hapi/boom" "9.x.x"
    "@hapi/hoek" "9.x.x"

"@hapi/address@^4.0.1":
  version "4.1.0"
  resolved "https://artylab.expedia.biz/api/npm/public-npm-virtual/@hapi/address/-/address-4.1.0.tgz#d60c5c0d930e77456fdcde2598e77302e2955e1d"
  integrity sha1-1gxcDZMOd0Vv3N4lmOdzAuKVXh0=
  dependencies:
    "@hapi/hoek" "^9.0.0"

"@hapi/ammo@^5.0.1":
  version "5.0.1"
  resolved "https://artylab.expedia.biz/api/npm/public-npm-virtual/@hapi/ammo/-/ammo-5.0.1.tgz#9d34560f5c214eda563d838c01297387efaab490"
  integrity sha1-nTRWD1whTtpWPYOMASlzh++qtJA=
  dependencies:
    "@hapi/hoek" "9.x.x"

"@hapi/b64@5.x.x":
  version "5.0.0"
  resolved "https://artylab.expedia.biz/api/npm/public-npm-virtual/@hapi/b64/-/b64-5.0.0.tgz#b8210cbd72f4774985e78569b77e97498d24277d"
  integrity sha1-uCEMvXL0d0mF54Vpt36XSY0kJ30=
  dependencies:
    "@hapi/hoek" "9.x.x"

"@hapi/boom@9.x.x", "@hapi/boom@^9.1.0":
  version "9.1.3"
  resolved "https://artylab.expedia.biz/api/npm/public-npm-virtual/@hapi/boom/-/boom-9.1.3.tgz#22cad56e39b7a4819161a99b1db19eaaa9b6cc6e"
  integrity sha1-IsrVbjm3pIGRYambHbGeqqm2zG4=
  dependencies:
    "@hapi/hoek" "9.x.x"

"@hapi/bounce@2.x.x", "@hapi/bounce@^2.0.0":
  version "2.0.0"
  resolved "https://artylab.expedia.biz/api/npm/public-npm-virtual/@hapi/bounce/-/bounce-2.0.0.tgz#e6ef56991c366b1e2738b2cd83b01354d938cf3d"
  integrity sha1-5u9WmRw2ax4nOLLNg7ATVNk4zz0=
  dependencies:
    "@hapi/boom" "9.x.x"
    "@hapi/hoek" "9.x.x"

"@hapi/bourne@2.x.x":
  version "2.0.0"
  resolved "https://artylab.expedia.biz/api/npm/public-npm-virtual/@hapi/bourne/-/bourne-2.0.0.tgz#5bb2193eb685c0007540ca61d166d4e1edaf918d"
  integrity sha1-W7IZPraFwAB1QMph0WbU4e2vkY0=

"@hapi/call@^8.0.0":
  version "8.0.1"
  resolved "https://artylab.expedia.biz/api/npm/public-npm-virtual/@hapi/call/-/call-8.0.1.tgz#9e64cd8ba6128eb5be6e432caaa572b1ed8cd7c0"
  integrity sha1-nmTNi6YSjrW+bkMsqqVyse2M18A=
  dependencies:
    "@hapi/boom" "9.x.x"
    "@hapi/hoek" "9.x.x"

"@hapi/catbox-memory@^5.0.0":
  version "5.0.1"
  resolved "https://artylab.expedia.biz/api/npm/public-npm-virtual/@hapi/catbox-memory/-/catbox-memory-5.0.1.tgz#cb63fca0ded01d445a2573b38eb2688df67f70ac"
  integrity sha1-y2P8oN7QHURaJXOzjrJojfZ/cKw=
  dependencies:
    "@hapi/boom" "9.x.x"
    "@hapi/hoek" "9.x.x"

"@hapi/catbox@^11.1.1":
  version "11.1.1"
  resolved "https://artylab.expedia.biz/api/npm/public-npm-virtual/@hapi/catbox/-/catbox-11.1.1.tgz#d277e2d5023fd69cddb33d05b224ea03065fec0c"
  integrity sha1-0nfi1QI/1pzdsz0FsiTqAwZf7Aw=
  dependencies:
    "@hapi/boom" "9.x.x"
    "@hapi/hoek" "9.x.x"
    "@hapi/podium" "4.x.x"
    "@hapi/validate" "1.x.x"

"@hapi/content@^5.0.2":
  version "5.0.2"
  resolved "https://artylab.expedia.biz/api/npm/public-npm-virtual/@hapi/content/-/content-5.0.2.tgz#ae57954761de570392763e64cdd75f074176a804"
  integrity sha1-rleVR2HeVwOSdj5kzddfB0F2qAQ=
  dependencies:
    "@hapi/boom" "9.x.x"

"@hapi/cryptiles@5.x.x":
  version "5.1.0"
  resolved "https://artylab.expedia.biz/api/npm/public-npm-virtual/@hapi/cryptiles/-/cryptiles-5.1.0.tgz#655de4cbbc052c947f696148c83b187fc2be8f43"
  integrity sha1-ZV3ky7wFLJR/aWFIyDsYf8K+j0M=
  dependencies:
    "@hapi/boom" "9.x.x"

"@hapi/file@2.x.x":
  version "2.0.0"
  resolved "https://artylab.expedia.biz/api/npm/public-npm-virtual/@hapi/file/-/file-2.0.0.tgz#2ecda37d1ae9d3078a67c13b7da86e8c3237dfb9"
  integrity sha1-Ls2jfRrp0weKZ8E7fahujDI337k=

"@hapi/formula@^2.0.0":
  version "2.0.0"
  resolved "https://artylab.expedia.biz/api/npm/public-npm-virtual/@hapi/formula/-/formula-2.0.0.tgz#edade0619ed58c8e4f164f233cda70211e787128"
  integrity sha1-7a3gYZ7VjI5PFk8jPNpwIR54cSg=

"@hapi/hapi@^20.1.5":
  version "20.1.5"
  resolved "https://artylab.expedia.biz/api/npm/public-npm-virtual/@hapi/hapi/-/hapi-20.1.5.tgz#235dbc6bcc72960724696028c5145c0ecfe6962d"
  integrity sha1-I128a8xylgckaWAoxRRcDs/mli0=
  dependencies:
    "@hapi/accept" "^5.0.1"
    "@hapi/ammo" "^5.0.1"
    "@hapi/boom" "^9.1.0"
    "@hapi/bounce" "^2.0.0"
    "@hapi/call" "^8.0.0"
    "@hapi/catbox" "^11.1.1"
    "@hapi/catbox-memory" "^5.0.0"
    "@hapi/heavy" "^7.0.1"
    "@hapi/hoek" "^9.0.4"
    "@hapi/mimos" "^6.0.0"
    "@hapi/podium" "^4.1.1"
    "@hapi/shot" "^5.0.5"
    "@hapi/somever" "^3.0.0"
    "@hapi/statehood" "^7.0.3"
    "@hapi/subtext" "^7.0.3"
    "@hapi/teamwork" "^5.1.0"
    "@hapi/topo" "^5.0.0"
    "@hapi/validate" "^1.1.1"

"@hapi/heavy@^7.0.1":
  version "7.0.1"
  resolved "https://artylab.expedia.biz/api/npm/public-npm-virtual/@hapi/heavy/-/heavy-7.0.1.tgz#73315ae33b6e7682a0906b7a11e8ca70e3045874"
  integrity sha1-czFa4ztudoKgkGt6EejKcOMEWHQ=
  dependencies:
    "@hapi/boom" "9.x.x"
    "@hapi/hoek" "9.x.x"
    "@hapi/validate" "1.x.x"

"@hapi/hoek@9.x.x", "@hapi/hoek@^9.0.0", "@hapi/hoek@^9.0.4", "@hapi/hoek@^9.2.0":
  version "9.2.0"
  resolved "https://artylab.expedia.biz/api/npm/public-npm-virtual/@hapi/hoek/-/hoek-9.2.0.tgz#f3933a44e365864f4dad5db94158106d511e8131"
  integrity sha1-85M6RONlhk9NrV25QVgQbVEegTE=

"@hapi/iron@6.x.x":
  version "6.0.0"
  resolved "https://artylab.expedia.biz/api/npm/public-npm-virtual/@hapi/iron/-/iron-6.0.0.tgz#ca3f9136cda655bdd6028de0045da0de3d14436f"
  integrity sha1-yj+RNs2mVb3WAo3gBF2g3j0UQ28=
  dependencies:
    "@hapi/b64" "5.x.x"
    "@hapi/boom" "9.x.x"
    "@hapi/bourne" "2.x.x"
    "@hapi/cryptiles" "5.x.x"
    "@hapi/hoek" "9.x.x"

"@hapi/joi@^17.1.1":
  version "17.1.1"
  resolved "https://artylab.expedia.biz/api/npm/public-npm-virtual/@hapi/joi/-/joi-17.1.1.tgz#9cc8d7e2c2213d1e46708c6260184b447c661350"
  integrity sha1-nMjX4sIhPR5GcIxiYBhLRHxmE1A=
  dependencies:
    "@hapi/address" "^4.0.1"
    "@hapi/formula" "^2.0.0"
    "@hapi/hoek" "^9.0.0"
    "@hapi/pinpoint" "^2.0.0"
    "@hapi/topo" "^5.0.0"

"@hapi/mimos@^6.0.0":
  version "6.0.0"
  resolved "https://artylab.expedia.biz/api/npm/public-npm-virtual/@hapi/mimos/-/mimos-6.0.0.tgz#daa523d9c07222c7e8860cb7c9c5501fd6506484"
  integrity sha1-2qUj2cByIsfohgy3ycVQH9ZQZIQ=
  dependencies:
    "@hapi/hoek" "9.x.x"
    mime-db "1.x.x"

"@hapi/nigel@4.x.x":
  version "4.0.2"
  resolved "https://artylab.expedia.biz/api/npm/public-npm-virtual/@hapi/nigel/-/nigel-4.0.2.tgz#8f84ef4bca4fb03b2376463578f253b0b8e863c4"
  integrity sha1-j4TvS8pPsDsjdkY1ePJTsLjoY8Q=
  dependencies:
    "@hapi/hoek" "^9.0.4"
    "@hapi/vise" "^4.0.0"

"@hapi/pez@^5.0.1":
  version "5.0.3"
  resolved "https://artylab.expedia.biz/api/npm/public-npm-virtual/@hapi/pez/-/pez-5.0.3.tgz#b75446e6fef8cbb16816573ab7da1b0522e7a2a1"
  integrity sha1-t1RG5v74y7FoFlc6t9obBSLnoqE=
  dependencies:
    "@hapi/b64" "5.x.x"
    "@hapi/boom" "9.x.x"
    "@hapi/content" "^5.0.2"
    "@hapi/hoek" "9.x.x"
    "@hapi/nigel" "4.x.x"

"@hapi/pinpoint@^2.0.0":
  version "2.0.0"
  resolved "https://artylab.expedia.biz/api/npm/public-npm-virtual/@hapi/pinpoint/-/pinpoint-2.0.0.tgz#805b40d4dbec04fc116a73089494e00f073de8df"
  integrity sha1-gFtA1NvsBPwRanMIlJTgDwc96N8=

"@hapi/podium@4.x.x", "@hapi/podium@^4.1.1":
  version "4.1.3"
  resolved "https://artylab.expedia.biz/api/npm/public-npm-virtual/@hapi/podium/-/podium-4.1.3.tgz#91e20838fc2b5437f511d664aabebbb393578a26"
  integrity sha1-keIIOPwrVDf1EdZkqr67s5NXiiY=
  dependencies:
    "@hapi/hoek" "9.x.x"
    "@hapi/teamwork" "5.x.x"
    "@hapi/validate" "1.x.x"

"@hapi/shot@^5.0.5":
  version "5.0.5"
  resolved "https://artylab.expedia.biz/api/npm/public-npm-virtual/@hapi/shot/-/shot-5.0.5.tgz#a25c23d18973bec93c7969c51bf9579632a5bebd"
  integrity sha1-olwj0Ylzvsk8eWnFG/lXljKlvr0=
  dependencies:
    "@hapi/hoek" "9.x.x"
    "@hapi/validate" "1.x.x"

"@hapi/somever@^3.0.0":
  version "3.0.1"
  resolved "https://artylab.expedia.biz/api/npm/public-npm-virtual/@hapi/somever/-/somever-3.0.1.tgz#9961cd5bdbeb5bb1edc0b2acdd0bb424066aadcc"
  integrity sha1-mWHNW9vrW7HtwLKs3Qu0JAZqrcw=
  dependencies:
    "@hapi/bounce" "2.x.x"
    "@hapi/hoek" "9.x.x"

"@hapi/statehood@^7.0.3":
  version "7.0.3"
  resolved "https://artylab.expedia.biz/api/npm/public-npm-virtual/@hapi/statehood/-/statehood-7.0.3.tgz#655166f3768344ed3c3b50375a303cdeca8040d9"
  integrity sha1-ZVFm83aDRO08O1A3WjA83sqAQNk=
  dependencies:
    "@hapi/boom" "9.x.x"
    "@hapi/bounce" "2.x.x"
    "@hapi/bourne" "2.x.x"
    "@hapi/cryptiles" "5.x.x"
    "@hapi/hoek" "9.x.x"
    "@hapi/iron" "6.x.x"
    "@hapi/validate" "1.x.x"

"@hapi/subtext@^7.0.3":
  version "7.0.3"
  resolved "https://artylab.expedia.biz/api/npm/public-npm-virtual/@hapi/subtext/-/subtext-7.0.3.tgz#f7440fc7c966858e1f39681e99eb6171c71e7abd"
  integrity sha1-90QPx8lmhY4fOWgemethccceer0=
  dependencies:
    "@hapi/boom" "9.x.x"
    "@hapi/bourne" "2.x.x"
    "@hapi/content" "^5.0.2"
    "@hapi/file" "2.x.x"
    "@hapi/hoek" "9.x.x"
    "@hapi/pez" "^5.0.1"
    "@hapi/wreck" "17.x.x"

"@hapi/teamwork@5.x.x", "@hapi/teamwork@^5.1.0":
  version "5.1.0"
  resolved "https://artylab.expedia.biz/api/npm/public-npm-virtual/@hapi/teamwork/-/teamwork-5.1.0.tgz#7801a61fc727f702fd2196ef7625eb4e389f4124"
  integrity sha1-eAGmH8cn9wL9IZbvdiXrTjifQSQ=

"@hapi/topo@^5.0.0":
  version "5.1.0"
  resolved "https://artylab.expedia.biz/api/npm/public-npm-virtual/@hapi/topo/-/topo-5.1.0.tgz#dc448e332c6c6e37a4dc02fd84ba8d44b9afb012"
  integrity sha1-3ESOMyxsbjek3AL9hLqNRLmvsBI=
  dependencies:
    "@hapi/hoek" "^9.0.0"

"@hapi/validate@1.x.x", "@hapi/validate@^1.1.1":
  version "1.1.3"
  resolved "https://artylab.expedia.biz/api/npm/public-npm-virtual/@hapi/validate/-/validate-1.1.3.tgz#f750a07283929e09b51aa16be34affb44e1931ad"
  integrity sha1-91CgcoOSngm1GqFr40r/tE4ZMa0=
  dependencies:
    "@hapi/hoek" "^9.0.0"
    "@hapi/topo" "^5.0.0"

"@hapi/vise@^4.0.0":
  version "4.0.0"
  resolved "https://artylab.expedia.biz/api/npm/public-npm-virtual/@hapi/vise/-/vise-4.0.0.tgz#c6a94fe121b94a53bf99e7489f7fcc74c104db02"
  integrity sha1-xqlP4SG5SlO/medIn3/MdMEE2wI=
  dependencies:
    "@hapi/hoek" "9.x.x"

"@hapi/wreck@17.x.x":
  version "17.1.0"
  resolved "https://artylab.expedia.biz/api/npm/public-npm-virtual/@hapi/wreck/-/wreck-17.1.0.tgz#fbdc380c6f3fa1f8052dc612b2d3b6ce3e88dbec"
  integrity sha1-+9w4DG8/ofgFLcYSstO2zj6I2+w=
  dependencies:
    "@hapi/boom" "9.x.x"
    "@hapi/bourne" "2.x.x"
    "@hapi/hoek" "9.x.x"

array-timsort@^1.0.3:
  version "1.0.3"
  resolved "https://artylab.expedia.biz/api/npm/public-npm-virtual/array-timsort/-/array-timsort-1.0.3.tgz#3c9e4199e54fb2b9c3fe5976396a21614ef0d926"
  integrity sha1-PJ5BmeVPsrnD/ll2OWohYU7w2SY=

comment-json@^4.1.0:
  version "4.1.0"
  resolved "https://artylab.expedia.biz/api/npm/public-npm-virtual/comment-json/-/comment-json-4.1.0.tgz#09d08f0fbc4ad5eeccbac20f469adbb967dcbd2c"
  integrity sha1-CdCPD7xK1e7MusIPRprbuWfcvSw=
  dependencies:
    array-timsort "^1.0.3"
    core-util-is "^1.0.2"
    esprima "^4.0.1"
    has-own-prop "^2.0.0"
    repeat-string "^1.6.1"

core-util-is@^1.0.2:
  version "1.0.2"
  resolved "https://artylab.expedia.biz/api/npm/public-npm-virtual/core-util-is/-/core-util-is-1.0.2.tgz#b5fd54220aa2bc5ab57aab7140c940754503c1a7"
  integrity sha1-tf1UIgqivFq1eqtxQMlAdUUDwac=

debug@^4.3.2:
  version "4.3.2"
  resolved "https://artylab.expedia.biz/api/npm/public-npm-virtual/debug/-/debug-4.3.2.tgz#f0a49c18ac8779e31d4a0c6029dfb76873c7428b"
  integrity sha1-8KScGKyHeeMdSgxgKd+3aHPHQos=
  dependencies:
    ms "2.1.2"

esprima@^4.0.1:
  version "4.0.1"
  resolved "https://artylab.expedia.biz/api/npm/public-npm-virtual/esprima/-/esprima-4.0.1.tgz#13b04cdb3e6c5d19df91ab6987a8695619b0aa71"
  integrity sha1-E7BM2z5sXRnfkatph6hpVhmwqnE=

has-own-prop@^2.0.0:
  version "2.0.0"
  resolved "https://artylab.expedia.biz/api/npm/public-npm-virtual/has-own-prop/-/has-own-prop-2.0.0.tgz#f0f95d58f65804f5d218db32563bb85b8e0417af"
  integrity sha1-8PldWPZYBPXSGNsyVju4W44EF68=

mime-db@1.x.x:
  version "1.48.0"
  resolved "https://artylab.expedia.biz/api/npm/public-npm-virtual/mime-db/-/mime-db-1.48.0.tgz#e35b31045dd7eada3aaad537ed88a33afbef2d1d"
  integrity sha1-41sxBF3X6to6qtU37YijOvvvLR0=

ms@2.1.2:
  version "2.1.2"
  resolved "https://artylab.expedia.biz/api/npm/public-npm-virtual/ms/-/ms-2.1.2.tgz#d09d1f357b443f493382a8eb3ccd183872ae6009"
  integrity sha1-0J0fNXtEP0kzgqjrPM0YOHKuYAk=

repeat-string@^1.6.1:
  version "1.6.1"
  resolved "https://artylab.expedia.biz/api/npm/public-npm-virtual/repeat-string/-/repeat-string-1.6.1.tgz#8dcae470e1c88abc2d600fff4a776286da75e637"
  integrity sha1-jcrkcOHIirwtYA//Sndihtp15jc=
